
Microsoft Visual Studio Solution File, Format Version 12.00
# Visual Studio 15
VisualStudioVersion = 15.0.26124.0
MinimumVisualStudioVersion = 15.0.26124.0
Project("{FAE04EC0-301F-11D3-BF4B-00C04F79EFBC}") = "console", "..\console\console.csproj", "{66C96E81-5206-417C-A1C4-B83C3067FA7A}"
EndProject
Project("{FAE04EC0-301F-11D3-BF4B-00C04F79EFBC}") = "lib", "..\lib\lib.csproj", "{3013CE20-34C3-46CC-93DA-82EB363E5263}"
EndProject
Project("{FAE04EC0-301F-11D3-BF4B-00C04F79EFBC}") = "QuestoesRevisao", "..\QuestoesRevisao\QuestoesRevisao.csproj", "{5A97F4BA-DD02-4E15-97D9-6BD51BC690FB}"
EndProject
Global
	GlobalSection(SolutionConfigurationPlatforms) = preSolution
		Debug|Any CPU = Debug|Any CPU
		Debug|x64 = Debug|x64
		Debug|x86 = Debug|x86
		Release|Any CPU = Release|Any CPU
		Release|x64 = Release|x64
		Release|x86 = Release|x86
	EndGlobalSection
	GlobalSection(SolutionProperties) = preSolution
		HideSolutionNode = FALSE
	EndGlobalSection
	GlobalSection(ProjectConfigurationPlatforms) = postSolution
		{66C96E81-5206-417C-A1C4-B83C3067FA7A}.Debug|Any CPU.ActiveCfg = Debug|Any CPU
		{66C96E81-5206-417C-A1C4-B83C3067FA7A}.Debug|Any CPU.Build.0 = Debug|Any CPU
		{66C96E81-5206-417C-A1C4-B83C3067FA7A}.Debug|x64.ActiveCfg = Debug|x64
		{66C96E81-5206-417C-A1C4-B83C3067FA7A}.Debug|x64.Build.0 = Debug|x64
		{66C96E81-5206-417C-A1C4-B83C3067FA7A}.Debug|x86.ActiveCfg = Debug|x86
		{66C96E81-5206-417C-A1C4-B83C3067FA7A}.Debug|x86.Build.0 = Debug|x86
		{66C96E81-5206-417C-A1C4-B83C3067FA7A}.Release|Any CPU.ActiveCfg = Release|Any CPU
		{66C96E81-5206-417C-A1C4-B83C3067FA7A}.Release|Any CPU.Build.0 = Release|Any CPU
		{66C96E81-5206-417C-A1C4-B83C3067FA7A}.Release|x64.ActiveCfg = Release|x64
		{66C96E81-5206-417C-A1C4-B83C3067FA7A}.Release|x64.Build.0 = Release|x64
		{66C96E81-5206-417C-A1C4-B83C3067FA7A}.Release|x86.ActiveCfg = Release|x86
		{66C96E81-5206-417C-A1C4-B83C3067FA7A}.Release|x86.Build.0 = Release|x86
		{3013CE20-34C3-46CC-93DA-82EB363E5263}.Debug|Any CPU.ActiveCfg = Debug|Any CPU
		{3013CE20-34C3-46CC-93DA-82EB363E5263}.Debug|Any CPU.Build.0 = Debug|Any CPU
		{3013CE20-34C3-46CC-93DA-82EB363E5263}.Debug|x64.ActiveCfg = Debug|x64
		{3013CE20-34C3-46CC-93DA-82EB363E5263}.Debug|x64.Build.0 = Debug|x64
		{3013CE20-34C3-46CC-93DA-82EB363E5263}.Debug|x86.ActiveCfg = Debug|x86
		{3013CE20-34C3-46CC-93DA-82EB363E5263}.Debug|x86.Build.0 = Debug|x86
		{3013CE20-34C3-46CC-93DA-82EB363E5263}.Release|Any CPU.ActiveCfg = Release|Any CPU
		{3013CE20-34C3-46CC-93DA-82EB363E5263}.Release|Any CPU.Build.0 = Release|Any CPU
		{3013CE20-34C3-46CC-93DA-82EB363E5263}.Release|x64.ActiveCfg = Release|x64
		{3013CE20-34C3-46CC-93DA-82EB363E5263}.Release|x64.Build.0 = Release|x64
		{3013CE20-34C3-46CC-93DA-82EB363E5263}.Release|x86.ActiveCfg = Release|x86
		{3013CE20-34C3-46CC-93DA-82EB363E5263}.Release|x86.Build.0 = Release|x86
		{5A97F4BA-DD02-4E15-97D9-6BD51BC690FB}.Debug|Any CPU.ActiveCfg = Debug|Any CPU
		{5A97F4BA-DD02-4E15-97D9-6BD51BC690FB}.Debug|Any CPU.Build.0 = Debug|Any CPU
		{5A97F4BA-DD02-4E15-97D9-6BD51BC690FB}.Debug|x64.ActiveCfg = Debug|x64
		{5A97F4BA-DD02-4E15-97D9-6BD51BC690FB}.Debug|x64.Build.0 = Debug|x64
		{5A97F4BA-DD02-4E15-97D9-6BD51BC690FB}.Debug|x86.ActiveCfg = Debug|x86
		{5A97F4BA-DD02-4E15-97D9-6BD51BC690FB}.Debug|x86.Build.0 = Debug|x86
		{5A97F4BA-DD02-4E15-97D9-6BD51BC690FB}.Release|Any CPU.ActiveCfg = Release|Any CPU
		{5A97F4BA-DD02-4E15-97D9-6BD51BC690FB}.Release|Any CPU.Build.0 = Release|Any CPU
		{5A97F4BA-DD02-4E15-97D9-6BD51BC690FB}.Release|x64.ActiveCfg = Release|x64
		{5A97F4BA-DD02-4E15-97D9-6BD51BC690FB}.Release|x64.Build.0 = Release|x64
		{5A97F4BA-DD02-4E15-97D9-6BD51BC690FB}.Release|x86.ActiveCfg = Release|x86
		{5A97F4BA-DD02-4E15-97D9-6BD51BC690FB}.Release|x86.Build.0 = Release|x86
	EndGlobalSection
EndGlobal
